Microsoft Visual Studio Solution File, Format Version 12.00
# Visual Studio Version 17
VisualStudioVersion = 17.5.2.0
MinimumVisualStudioVersion = 10.0.40219.1
Project("{FAE04EC0-301F-11D3-BF4B-00C04F79EFBC}") = "MapaClientes.Api", "MapaClientes.Api.csproj", "{227DC6E2-7DC2-32C8-C9F0-3054A7889198}"
EndProject
Global
	GlobalSection(SolutionConfigurationPlatforms) = preSolution
		Debug|Any CPU = Debug|Any CPU
		Release|Any CPU = Release|Any CPU
	EndGlobalSection
	GlobalSection(ProjectConfigurationPlatforms) = postSolution
		{227DC6E2-7DC2-32C8-C9F0-3054A7889198}.Debug|Any CPU.ActiveCfg = Debug|Any CPU
		{227DC6E2-7DC2-32C8-C9F0-3054A7889198}.Debug|Any CPU.Build.0 = Debug|Any CPU
		{227DC6E2-7DC2-32C8-C9F0-3054A7889198}.Release|Any CPU.ActiveCfg = Release|Any CPU
		{227DC6E2-7DC2-32C8-C9F0-3054A7889198}.Release|Any CPU.Build.0 = Release|Any CPU
	EndGlobalSection
	GlobalSection(SolutionProperties) = preSolution
		HideSolutionNode = FALSE
	EndGlobalSection
	GlobalSection(ExtensibilityGlobals) = postSolution
		SolutionGuid = {DD159069-94D1-4160-9D96-666C65C6A189}
	EndGlobalSection
EndGlobal
